Microsoft Visual Studio Solution File, Format Version 12.00
# Visual Studio 2012
Project("{FAE04EC0-301F-11D3-BF4B-00C04F79EFBC}") = "Save Access", "Save Access.csproj", "{E97392D1-0F22-4793-8B58-22C69CD91136}"
EndProject
Global
	GlobalSection(SolutionConfigurationPlatforms) = preSolution
	Debug|Any CPU = Debug|Any CPU
	ExportDebug|Any CPU = ExportDebug|Any CPU
	ExportRelease|Any CPU = ExportRelease|Any CPU
	EndGlobalSection
	GlobalSection(ProjectConfigurationPlatforms) = postSolution
		{E97392D1-0F22-4793-8B58-22C69CD91136}.Debug|Any CPU.ActiveCfg = Debug|Any CPU
		{E97392D1-0F22-4793-8B58-22C69CD91136}.Debug|Any CPU.Build.0 = Debug|Any CPU
		{E97392D1-0F22-4793-8B58-22C69CD91136}.ExportDebug|Any CPU.ActiveCfg = ExportDebug|Any CPU
		{E97392D1-0F22-4793-8B58-22C69CD91136}.ExportDebug|Any CPU.Build.0 = ExportDebug|Any CPU
		{E97392D1-0F22-4793-8B58-22C69CD91136}.ExportRelease|Any CPU.ActiveCfg = ExportRelease|Any CPU
		{E97392D1-0F22-4793-8B58-22C69CD91136}.ExportRelease|Any CPU.Build.0 = ExportRelease|Any CPU
	EndGlobalSection
EndGlobal
